
Microsoft Visual Studio Solution File, Format Version 12.00
# Visual Studio 15
VisualStudioVersion = 15.0.27703.2042
MinimumVisualStudioVersion = 10.0.40219.1
Project("{FAE04EC0-301F-11D3-BF4B-00C04F79EFBC}") = "Forecast_Algorithm", "Forecast_Algorithm\Forecast_Algorithm.csproj", "{D67EF274-D548-4B19-9C91-F665CD060FF8}"
EndProject
Project("{FAE04EC0-301F-11D3-BF4B-00C04F79EFBC}") = "Forecast_Algorithm.Library", "Forecast_Algorithm.Library\Forecast_Algorithm.Library.csproj", "{07F58F89-CC24-4DD5-B16F-EAD1BC06D412}"
EndProject
Global
	GlobalSection(SolutionConfigurationPlatforms) = preSolution
		Debug|Any CPU = Debug|Any CPU
		Release|Any CPU = Release|Any CPU
	EndGlobalSection
	GlobalSection(ProjectConfigurationPlatforms) = postSolution
		{D67EF274-D548-4B19-9C91-F665CD060FF8}.Debug|Any CPU.ActiveCfg = Debug|Any CPU
		{D67EF274-D548-4B19-9C91-F665CD060FF8}.Debug|Any CPU.Build.0 = Debug|Any CPU
		{D67EF274-D548-4B19-9C91-F665CD060FF8}.Release|Any CPU.ActiveCfg = Release|Any CPU
		{D67EF274-D548-4B19-9C91-F665CD060FF8}.Release|Any CPU.Build.0 = Release|Any CPU
		{07F58F89-CC24-4DD5-B16F-EAD1BC06D412}.Debug|Any CPU.ActiveCfg = Debug|Any CPU
		{07F58F89-CC24-4DD5-B16F-EAD1BC06D412}.Debug|Any CPU.Build.0 = Debug|Any CPU
		{07F58F89-CC24-4DD5-B16F-EAD1BC06D412}.Release|Any CPU.ActiveCfg = Release|Any CPU
		{07F58F89-CC24-4DD5-B16F-EAD1BC06D412}.Release|Any CPU.Build.0 = Release|Any CPU
	EndGlobalSection
	GlobalSection(SolutionProperties) = preSolution
		HideSolutionNode = FALSE
	EndGlobalSection
	GlobalSection(ExtensibilityGlobals) = postSolution
		SolutionGuid = {8FE65198-F2DA-483C-A1F7-B157D9E581D8}
	EndGlobalSection
EndGlobal
